{
  "nodes": {
    "home-manager": {
      "inputs": {
        "nixpkgs": [
          "nixpkgs"
        ]
      },
      "locked": {
        "lastModified": 1631485157,
        "narHash": "sha256-U2qv2tjrWpTWe1KPUPXEcByOdnTBlJWX/Bhk7Ax5mgA=",
        "owner": "nix-community",
        "repo": "home-manager",
        "rev": "208e310e9409d0d54ae5e19cb52f8d0f3c7f4771",
        "type": "github"
      },
      "original": {
        "owner": "nix-community",
        "repo": "home-manager",
        "type": "github"
      }
    },
    "nixpkgs": {
      "locked": {
        "lastModified": 1631381596,
        "narHash": "sha256-Xk91RO0uMyul8fWo3RP7WqEP5bsKUVucJRgLZgascAo=",
        "owner": "nixos",
        "repo": "nixpkgs",
        "rev": "f6e9e908ccbcabb365cb5434a4a38dd8c996fc72",
        "type": "github"
      },
      "original": {
        "owner": "nixos",
        "ref": "nixos-unstable",
        "repo": "nixpkgs",
        "type": "github"
      }
    },
    "root": {
      "inputs": {
        "home-manager": "home-manager",
        "nixpkgs": "nixpkgs"
      }
    }
  },
  "root": "root",
  "version": 7
}
